// !$*UTF8*$!
{
	archiveVersion = 1;
	classes = {
	};
	objectVersion = 56;
	objects = {

/* Begin PBXBuildFile section */
		EB4E62042D75A75E0090CC2E /* AppDelegate.swift in Sources */ = {isa = PBXBuildFile; fileRef = EB4E62032D75A75E0090CC2E /* AppDelegate.swift */; };
		EB4E62062D75A75E0090CC2E /* SceneDelegate.swift in Sources */ = {isa = PBXBuildFile; fileRef = EB4E62052D75A75E0090CC2E /* SceneDelegate.swift */; };
		EB4E62082D75A75E0090CC2E /* ViewController.swift in Sources */ = {isa = PBXBuildFile; fileRef = EB4E62072D75A75E0090CC2E /* ViewController.swift */; };
		EB4E620B2D75A75E0090CC2E /* Main.storyboard in Resources */ = {isa = PBXBuildFile; fileRef = EB4E62092D75A75E0090CC2E /* Main.storyboard */; };
		EB4E620D2D75A7600090CC2E /* Assets.xcassets in Resources */ = {isa = PBXBuildFile; fileRef = EB4E620C2D75A7600090CC2E /* Assets.xcassets */; };
		EB4E62102D75A7600090CC2E /* LaunchScreen.storyboard in Resources */ = {isa = PBXBuildFile; fileRef = EB4E620E2D75A7600090CC2E /* LaunchScreen.storyboard */; };
		EB4E621B2D75A7610090CC2E /* TrackerTests.swift in Sources */ = {isa = PBXBuildFile; fileRef = EB4E621A2D75A7610090CC2E /* TrackerTests.swift */; };
		EB4E62252D75A7610090CC2E /* TrackerUITests.swift in Sources */ = {isa = PBXBuildFile; fileRef = EB4E62242D75A7610090CC2E /* TrackerUITests.swift */; };
		EB4E62272D75A7610090CC2E /* TrackerUITestsLaunchTests.swift in Sources */ = {isa = PBXBuildFile; fileRef = EB4E62262D75A7610090CC2E /* TrackerUITestsLaunchTests.swift */; };
		EB8683512DA7D05D0040E031 /* Tracker.swift in Sources */ = {isa = PBXBuildFile; fileRef = EB8683502DA7D05D0040E031 /* Tracker.swift */; };
		EB8683532DA7D0BB0040E031 /* MakeTrackerViewController.swift in Sources */ = {isa = PBXBuildFile; fileRef = EB8683522DA7D0BB0040E031 /* MakeTrackerViewController.swift */; };
		EB8683552DA7D0F00040E031 /* scheduleViewController.swift in Sources */ = {isa = PBXBuildFile; fileRef = EB8683542DA7D0F00040E031 /* scheduleViewController.swift */; };
		EB8683572DA7D1220040E031 /* StatisticsViewController.swift in Sources */ = {isa = PBXBuildFile; fileRef = EB8683562DA7D1220040E031 /* StatisticsViewController.swift */; };
		EB8683592DA7D1470040E031 /* SupplementaryView.swift in Sources */ = {isa = PBXBuildFile; fileRef = EB8683582DA7D1470040E031 /* SupplementaryView.swift */; };
		EB86835B2DA7D16E0040E031 /* TabBarController.swift in Sources */ = {isa = PBXBuildFile; fileRef = EB86835A2DA7D16E0040E031 /* TabBarController.swift */; };
		EB86835D2DA7D1930040E031 /* TrackerCell.swift in Sources */ = {isa = PBXBuildFile; fileRef = EB86835C2DA7D1930040E031 /* TrackerCell.swift */; };
		EB86835F2DA7D2110040E031 /* TrackerSettingsViewController.swift in Sources */ = {isa = PBXBuildFile; fileRef = EB86835E2DA7D2110040E031 /* TrackerSettingsViewController.swift */; };
		EB8683642DA7D3040040E031 /* UIView.swift in Sources */ = {isa = PBXBuildFile; fileRef = EB8683632DA7D3040040E031 /* UIView.swift */; };
/* End PBXBuildFile section */

/* Begin PBXContainerItemProxy section */
		EB4E62172D75A7610090CC2E /* PBXContainerItemProxy */ = {
			isa = PBXContainerItemProxy;
			containerPortal = EB4E61F82D75A75E0090CC2E /* Project object */;
			proxyType = 1;
			remoteGlobalIDString = EB4E61FF2D75A75E0090CC2E;
			remoteInfo = Tracker;
		};
		EB4E62212D75A7610090CC2E /* PBXContainerItemProxy */ = {
			isa = PBXContainerItemProxy;
			containerPortal = EB4E61F82D75A75E0090CC2E /* Project object */;
			proxyType = 1;
			remoteGlobalIDString = EB4E61FF2D75A75E0090CC2E;
			remoteInfo = Tracker;
		};
/* End PBXContainerItemProxy section */

/* Begin PBXFileReference section */
		EB4E62002D75A75E0090CC2E /* Tracker.app */ = {isa = PBXFileReference; explicitFileType = wrapper.application; includeInIndex = 0; path = Tracker.app; sourceTree = BUILT_PRODUCTS_DIR; };
		EB4E62032D75A75E0090CC2E /* AppDelegate.swift */ = {isa = PBXFileReference; lastKnownFileType = sourcecode.swift; path = AppDelegate.swift; sourceTree = "<group>"; };
		EB4E62052D75A75E0090CC2E /* SceneDelegate.swift */ = {isa = PBXFileReference; lastKnownFileType = sourcecode.swift; path = SceneDelegate.swift; sourceTree = "<group>"; };
		EB4E62072D75A75E0090CC2E /* ViewController.swift */ = {isa = PBXFileReference; lastKnownFileType = sourcecode.swift; path = ViewController.swift; sourceTree = "<group>"; };
		EB4E620A2D75A75E0090CC2E /* Base */ = {isa = PBXFileReference; lastKnownFileType = file.storyboard; name = Base; path = Base.lproj/Main.storyboard; sourceTree = "<group>"; };
		EB4E620C2D75A7600090CC2E /* Assets.xcassets */ = {isa = PBXFileReference; lastKnownFileType = folder.assetcatalog; path = Assets.xcassets; sourceTree = "<group>"; };
		EB4E620F2D75A7600090CC2E /* Base */ = {isa = PBXFileReference; lastKnownFileType = file.storyboard; name = Base; path = Base.lproj/LaunchScreen.storyboard; sourceTree = "<group>"; };
		EB4E62112D75A7600090CC2E /* Info.plist */ = {isa = PBXFileReference; lastKnownFileType = text.plist.xml; path = Info.plist; sourceTree = "<group>"; };
		EB4E62162D75A7610090CC2E /* TrackerTests.xctest */ = {isa = PBXFileReference; explicitFileType = wrapper.cfbundle; includeInIndex = 0; path = TrackerTests.xctest; sourceTree = BUILT_PRODUCTS_DIR; };
		EB4E621A2D75A7610090CC2E /* TrackerTests.swift */ = {isa = PBXFileReference; lastKnownFileType = sourcecode.swift; path = TrackerTests.swift; sourceTree = "<group>"; };
		EB4E62202D75A7610090CC2E /* TrackerUITests.xctest */ = {isa = PBXFileReference; explicitFileType = wrapper.cfbundle; includeInIndex = 0; path = TrackerUITests.xctest; sourceTree = BUILT_PRODUCTS_DIR; };
		EB4E62242D75A7610090CC2E /* TrackerUITests.swift */ = {isa = PBXFileReference; lastKnownFileType = sourcecode.swift; path = TrackerUITests.swift; sourceTree = "<group>"; };
		EB4E62262D75A7610090CC2E /* TrackerUITestsLaunchTests.swift */ = {isa = PBXFileReference; lastKnownFileType = sourcecode.swift; path = TrackerUITestsLaunchTests.swift; sourceTree = "<group>"; };
		EB8683502DA7D05D0040E031 /* Tracker.swift */ = {isa = PBXFileReference; lastKnownFileType = sourcecode.swift; path = Tracker.swift; sourceTree = "<group>"; };
		EB8683522DA7D0BB0040E031 /* MakeTrackerViewController.swift */ = {isa = PBXFileReference; lastKnownFileType = sourcecode.swift; path = MakeTrackerViewController.swift; sourceTree = "<group>"; };
		EB8683542DA7D0F00040E031 /* scheduleViewController.swift */ = {isa = PBXFileReference; lastKnownFileType = sourcecode.swift; path = scheduleViewController.swift; sourceTree = "<group>"; };
		EB8683562DA7D1220040E031 /* StatisticsViewController.swift */ = {isa = PBXFileReference; lastKnownFileType = sourcecode.swift; path = StatisticsViewController.swift; sourceTree = "<group>"; };
		EB8683582DA7D1470040E031 /* SupplementaryView.swift */ = {isa = PBXFileReference; lastKnownFileType = sourcecode.swift; path = SupplementaryView.swift; sourceTree = "<group>"; };
		EB86835A2DA7D16E0040E031 /* TabBarController.swift */ = {isa = PBXFileReference; lastKnownFileType = sourcecode.swift; path = TabBarController.swift; sourceTree = "<group>"; };
		EB86835C2DA7D1930040E031 /* TrackerCell.swift */ = {isa = PBXFileReference; lastKnownFileType = sourcecode.swift; path = TrackerCell.swift; sourceTree = "<group>"; };
		EB86835E2DA7D2110040E031 /* TrackerSettingsViewController.swift */ = {isa = PBXFileReference; lastKnownFileType = sourcecode.swift; path = TrackerSettingsViewController.swift; sourceTree = "<group>"; };
		EB8683632DA7D3040040E031 /* UIView.swift */ = {isa = PBXFileReference; lastKnownFileType = sourcecode.swift; path = UIView.swift; sourceTree = "<group>"; };
/* End PBXFileReference section */

/* Begin PBXFrameworksBuildPhase section */
		EB4E61FD2D75A75E0090CC2E /* Frameworks */ = {
			isa = PBXFrameworksBuildPhase;
			buildActionMask = 2147483647;
			files = (
			);
			runOnlyForDeploymentPostprocessing = 0;
		};
		EB4E62132D75A7610090CC2E /* Frameworks */ = {
			isa = PBXFrameworksBuildPhase;
			buildActionMask = 2147483647;
			files = (
			);
			runOnlyForDeploymentPostprocessing = 0;
		};
		EB4E621D2D75A7610090CC2E /* Frameworks */ = {
			isa = PBXFrameworksBuildPhase;
			buildActionMask = 2147483647;
			files = (
			);
			runOnlyForDeploymentPostprocessing = 0;
		};
/* End PBXFrameworksBuildPhase section */

/* Begin PBXGroup section */
		EB4E61F72D75A75E0090CC2E = {
			isa = PBXGroup;
			children = (
				EB4E62022D75A75E0090CC2E /* Tracker */,
				EB4E62192D75A7610090CC2E /* TrackerTests */,
				EB4E62232D75A7610090CC2E /* TrackerUITests */,
				EB4E62012D75A75E0090CC2E /* Products */,
			);
			sourceTree = "<group>";
		};
		EB4E62012D75A75E0090CC2E /* Products */ = {
			isa = PBXGroup;
			children = (
				EB4E62002D75A75E0090CC2E /* Tracker.app */,
				EB4E62162D75A7610090CC2E /* TrackerTests.xctest */,
				EB4E62202D75A7610090CC2E /* TrackerUITests.xctest */,
			);
			name = Products;
			sourceTree = "<group>";
		};
		EB4E62022D75A75E0090CC2E /* Tracker */ = {
			isa = PBXGroup;
			children = (
				EB8683622DA7D2E60040E031 /* extensions */,
				EB86834F2DA7D0400040E031 /* TrackerStructs */,
				EB4E62032D75A75E0090CC2E /* AppDelegate.swift */,
				EB4E62052D75A75E0090CC2E /* SceneDelegate.swift */,
				EB4E62072D75A75E0090CC2E /* ViewController.swift */,
				EB4E62092D75A75E0090CC2E /* Main.storyboard */,
				EB4E620C2D75A7600090CC2E /* Assets.xcassets */,
				EB4E620E2D75A7600090CC2E /* LaunchScreen.storyboard */,
				EB4E62112D75A7600090CC2E /* Info.plist */,
				EB8683522DA7D0BB0040E031 /* MakeTrackerViewController.swift */,
				EB8683542DA7D0F00040E031 /* scheduleViewController.swift */,
				EB8683562DA7D1220040E031 /* StatisticsViewController.swift */,
				EB8683582DA7D1470040E031 /* SupplementaryView.swift */,
				EB86835A2DA7D16E0040E031 /* TabBarController.swift */,
				EB86835C2DA7D1930040E031 /* TrackerCell.swift */,
				EB86835E2DA7D2110040E031 /* TrackerSettingsViewController.swift */,
			);
			path = Tracker;
			sourceTree = "<group>";
		};
		EB4E62192D75A7610090CC2E /* TrackerTests */ = {
			isa = PBXGroup;
			children = (
				EB4E621A2D75A7610090CC2E /* TrackerTests.swift */,
			);
			path = TrackerTests;
			sourceTree = "<group>";
		};
		EB4E62232D75A7610090CC2E /* TrackerUITests */ = {
			isa = PBXGroup;
			children = (
				EB4E62242D75A7610090CC2E /* TrackerUITests.swift */,
				EB4E62262D75A7610090CC2E /* TrackerUITestsLaunchTests.swift */,
			);
			path = TrackerUITests;
			sourceTree = "<group>";
		};
		EB86834F2DA7D0400040E031 /* TrackerStructs */ = {
			isa = PBXGroup;
			children = (
				EB8683502DA7D05D0040E031 /* Tracker.swift */,
			);
			path = TrackerStructs;
			sourceTree = "<group>";
		};
		EB8683622DA7D2E60040E031 /* extensions */ = {
			isa = PBXGroup;
			children = (
				EB8683632DA7D3040040E031 /* UIView.swift */,
			);
			path = extensions;
			sourceTree = "<group>";
		};
/* End PBXGroup section */

/* Begin PBXNativeTarget section */
		EB4E61FF2D75A75E0090CC2E /* Tracker */ = {
			isa = PBXNativeTarget;
			buildConfigurationList = EB4E622A2D75A7610090CC2E /* Build configuration list for PBXNativeTarget "Tracker" */;
			buildPhases = (
				EB4E61FC2D75A75E0090CC2E /* Sources */,
				EB4E61FD2D75A75E0090CC2E /* Frameworks */,
				EB4E61FE2D75A75E0090CC2E /* Resources */,
			);
			buildRules = (
			);
			dependencies = (
			);
			name = Tracker;
			productName = Tracker;
			productReference = EB4E62002D75A75E0090CC2E /* Tracker.app */;
			productType = "com.apple.product-type.application";
		};
		EB4E62152D75A7610090CC2E /* TrackerTests */ = {
			isa = PBXNativeTarget;
			buildConfigurationList = EB4E622D2D75A7610090CC2E /* Build configuration list for PBXNativeTarget "TrackerTests" */;
			buildPhases = (
				EB4E62122D75A7610090CC2E /* Sources */,
				EB4E62132D75A7610090CC2E /* Frameworks */,
				EB4E62142D75A7610090CC2E /* Resources */,
			);
			buildRules = (
			);
			dependencies = (
				EB4E62182D75A7610090CC2E /* PBXTargetDependency */,
			);
			name = TrackerTests;
			productName = TrackerTests;
			productReference = EB4E62162D75A7610090CC2E /* TrackerTests.xctest */;
			productType = "com.apple.product-type.bundle.unit-test";
		};
		EB4E621F2D75A7610090CC2E /* TrackerUITests */ = {
			isa = PBXNativeTarget;
			buildConfigurationList = EB4E62302D75A7610090CC2E /* Build configuration list for PBXNativeTarget "TrackerUITests" */;
			buildPhases = (
				EB4E621C2D75A7610090CC2E /* Sources */,
				EB4E621D2D75A7610090CC2E /* Frameworks */,
				EB4E621E2D75A7610090CC2E /* Resources */,
			);
			buildRules = (
			);
			dependencies = (
				EB4E62222D75A7610090CC2E /* PBXTargetDependency */,
			);
			name = TrackerUITests;
			productName = TrackerUITests;
			productReference = EB4E62202D75A7610090CC2E /* TrackerUITests.xctest */;
			productType = "com.apple.product-type.bundle.ui-testing";
		};
/* End PBXNativeTarget section */

/* Begin PBXProject section */
		EB4E61F82D75A75E0090CC2E /* Project object */ = {
			isa = PBXProject;
			attributes = {
				BuildIndependentTargetsInParallel = 1;
				LastSwiftUpdateCheck = 1500;
				LastUpgradeCheck = 1500;
				TargetAttributes = {
					EB4E61FF2D75A75E0090CC2E = {
						CreatedOnToolsVersion = 15.0.1;
					};
					EB4E62152D75A7610090CC2E = {
						CreatedOnToolsVersion = 15.0.1;
						TestTargetID = EB4E61FF2D75A75E0090CC2E;
					};
					EB4E621F2D75A7610090CC2E = {
						CreatedOnToolsVersion = 15.0.1;
						TestTargetID = EB4E61FF2D75A75E0090CC2E;
					};
				};
			};
			buildConfigurationList = EB4E61FB2D75A75E0090CC2E /* Build configuration list for PBXProject "Tracker" */;
			compatibilityVersion = "Xcode 14.0";
			developmentRegion = en;
			hasScannedForEncodings = 0;
			knownRegions = (
				en,
				Base,
			);
			mainGroup = EB4E61F72D75A75E0090CC2E;
			productRefGroup = EB4E62012D75A75E0090CC2E /* Products */;
			projectDirPath = "";
			projectRoot = "";
			targets = (
				EB4E61FF2D75A75E0090CC2E /* Tracker */,
				EB4E62152D75A7610090CC2E /* TrackerTests */,
				EB4E621F2D75A7610090CC2E /* TrackerUITests */,
			);
		};
/* End PBXProject section */

/* Begin PBXResourcesBuildPhase section */
		EB4E61FE2D75A75E0090CC2E /* Resources */ = {
			isa = PBXResourcesBuildPhase;
			buildActionMask = 2147483647;
			files = (
				EB4E62102D75A7600090CC2E /* LaunchScreen.storyboard in Resources */,
				EB4E620D2D75A7600090CC2E /* Assets.xcassets in Resources */,
				EB4E620B2D75A75E0090CC2E /* Main.storyboard in Resources */,
			);
			runOnlyForDeploymentPostprocessing = 0;
		};
		EB4E62142D75A7610090CC2E /* Resources */ = {
			isa = PBXResourcesBuildPhase;
			buildActionMask = 2147483647;
			files = (
			);
			runOnlyForDeploymentPostprocessing = 0;
		};
		EB4E621E2D75A7610090CC2E /* Resources */ = {
			isa = PBXResourcesBuildPhase;
			buildActionMask = 2147483647;
			files = (
			);
			runOnlyForDeploymentPostprocessing = 0;
		};
/* End PBXResourcesBuildPhase section */

/* Begin PBXSourcesBuildPhase section */
		EB4E61FC2D75A75E0090CC2E /* Sources */ = {
			isa = PBXSourcesBuildPhase;
			buildActionMask = 2147483647;
			files = (
				EB86835D2DA7D1930040E031 /* TrackerCell.swift in Sources */,
				EB8683512DA7D05D0040E031 /* Tracker.swift in Sources */,
				EB8683552DA7D0F00040E031 /* scheduleViewController.swift in Sources */,
				EB4E62082D75A75E0090CC2E /* ViewController.swift in Sources */,
				EB8683642DA7D3040040E031 /* UIView.swift in Sources */,
				EB86835F2DA7D2110040E031 /* TrackerSettingsViewController.swift in Sources */,
				EB86835B2DA7D16E0040E031 /* TabBarController.swift in Sources */,
				EB8683532DA7D0BB0040E031 /* MakeTrackerViewController.swift in Sources */,
				EB4E62042D75A75E0090CC2E /* AppDelegate.swift in Sources */,
				EB4E62062D75A75E0090CC2E /* SceneDelegate.swift in Sources */,
				EB8683592DA7D1470040E031 /* SupplementaryView.swift in Sources */,
				EB8683572DA7D1220040E031 /* StatisticsViewController.swift in Sources */,
			);
			runOnlyForDeploymentPostprocessing = 0;
		};
		EB4E62122D75A7610090CC2E /* Sources */ = {
			isa = PBXSourcesBuildPhase;
			buildActionMask = 2147483647;
			files = (
				EB4E621B2D75A7610090CC2E /* TrackerTests.swift in Sources */,
			);
			runOnlyForDeploymentPostprocessing = 0;
		};
		EB4E621C2D75A7610090CC2E /* Sources */ = {
			isa = PBXSourcesBuildPhase;
			buildActionMask = 2147483647;
			files = (
				EB4E62252D75A7610090CC2E /* TrackerUITests.swift in Sources */,
				EB4E62272D75A7610090CC2E /* TrackerUITestsLaunchTests.swift in Sources */,
			);
			runOnlyForDeploymentPostprocessing = 0;
		};
/* End PBXSourcesBuildPhase section */

/* Begin PBXTargetDependency section */
		EB4E62182D75A7610090CC2E /* PBXTargetDependency */ = {
			isa = PBXTargetDependency;
			target = EB4E61FF2D75A75E0090CC2E /* Tracker */;
			targetProxy = EB4E62172D75A7610090CC2E /* PBXContainerItemProxy */;
		};
		EB4E62222D75A7610090CC2E /* PBXTargetDependency */ = {
			isa = PBXTargetDependency;
			target = EB4E61FF2D75A75E0090CC2E /* Tracker */;
			targetProxy = EB4E62212D75A7610090CC2E /* PBXContainerItemProxy */;
		};
/* End PBXTargetDependency section */

/* Begin PBXVariantGroup section */
		EB4E62092D75A75E0090CC2E /* Main.storyboard */ = {
			isa = PBXVariantGroup;
			children = (
				EB4E620A2D75A75E0090CC2E /* Base */,
			);
			name = Main.storyboard;
			sourceTree = "<group>";
		};
		EB4E620E2D75A7600090CC2E /* LaunchScreen.storyboard */ = {
			isa = PBXVariantGroup;
			children = (
				EB4E620F2D75A7600090CC2E /* Base */,
			);
			name = LaunchScreen.storyboard;
			sourceTree = "<group>";
		};
/* End PBXVariantGroup section */

/* Begin XCBuildConfiguration section */
		EB4E62282D75A7610090CC2E /* Debug */ = {
			isa = XCBuildConfiguration;
			buildSettings = {
				ALWAYS_SEARCH_USER_PATHS = NO;
				ASSETCATALOG_COMPILER_GENERATE_SWIFT_ASSET_SYMBOL_EXTENSIONS = YES;
				CLANG_ANALYZER_NONNULL = YES;
				CLANG_ANALYZER_NUMBER_OBJECT_CONVERSION = YES_AGGRESSIVE;
				CLANG_CXX_LANGUAGE_STANDARD = "gnu++20";
				CLANG_ENABLE_MODULES = YES;
				CLANG_ENABLE_OBJC_ARC = YES;
				CLANG_ENABLE_OBJC_WEAK = YES;
				CLANG_WARN_BLOCK_CAPTURE_AUTORELEASING = YES;
				CLANG_WARN_BOOL_CONVERSION = YES;
				CLANG_WARN_COMMA = YES;
				CLANG_WARN_CONSTANT_CONVERSION = YES;
				CLANG_WARN_DEPRECATED_OBJC_IMPLEMENTATIONS = YES;
				CLANG_WARN_DIRECT_OBJC_ISA_USAGE = YES_ERROR;
				CLANG_WARN_DOCUMENTATION_COMMENTS = YES;
				CLANG_WARN_EMPTY_BODY = YES;
				CLANG_WARN_ENUM_CONVERSION = YES;
				CLANG_WARN_INFINITE_RECURSION = YES;
				CLANG_WARN_INT_CONVERSION = YES;
				CLANG_WARN_NON_LITERAL_NULL_CONVERSION = YES;
				CLANG_WARN_OBJC_IMPLICIT_RETAIN_SELF = YES;
				CLANG_WARN_OBJC_LITERAL_CONVERSION = YES;
				CLANG_WARN_OBJC_ROOT_CLASS = YES_ERROR;
				CLANG_WARN_QUOTED_INCLUDE_IN_FRAMEWORK_HEADER = YES;
				CLANG_WARN_RANGE_LOOP_ANALYSIS = YES;
				CLANG_WARN_STRICT_PROTOTYPES = YES;
				CLANG_WARN_SUSPICIOUS_MOVE = YES;
				CLANG_WARN_UNGUARDED_AVAILABILITY = YES_AGGRESSIVE;
				CLANG_WARN_UNREACHABLE_CODE = YES;
				CLANG_WARN__DUPLICATE_METHOD_MATCH = YES;
				COPY_PHASE_STRIP = NO;
				DEBUG_INFORMATION_FORMAT = dwarf;
				ENABLE_STRICT_OBJC_MSGSEND = YES;
				ENABLE_TESTABILITY = YES;
				ENABLE_USER_SCRIPT_SANDBOXING = YES;
				GCC_C_LANGUAGE_STANDARD = gnu17;
				GCC_DYNAMIC_NO_PIC = NO;
				GCC_NO_COMMON_BLOCKS = YES;
				GCC_OPTIMIZATION_LEVEL = 0;
				GCC_PREPROCESSOR_DEFINITIONS = (
					"DEBUG=1",
					"$(inherited)",
				);
				GCC_WARN_64_TO_32_BIT_CONVERSION = YES;
				GCC_WARN_ABOUT_RETURN_TYPE = YES_ERROR;
				GCC_WARN_UNDECLARED_SELECTOR = YES;
				GCC_WARN_UNINITIALIZED_AUTOS = YES_AGGRESSIVE;
				GCC_WARN_UNUSED_FUNCTION = YES;
				GCC_WARN_UNUSED_VARIABLE = YES;
				IPHONEOS_DEPLOYMENT_TARGET = 17.0;
				LOCALIZATION_PREFERS_STRING_CATALOGS = YES;
				MTL_ENABLE_DEBUG_INFO = INCLUDE_SOURCE;
				MTL_FAST_MATH = YES;
				ONLY_ACTIVE_ARCH = YES;
				SDKROOT = iphoneos;
				SWIFT_ACTIVE_COMPILATION_CONDITIONS = "DEBUG $(inherited)";
				SWIFT_OPTIMIZATION_LEVEL = "-Onone";
			};
			name = Debug;
		};
		EB4E62292D75A7610090CC2E /* Release */ = {
			isa = XCBuildConfiguration;
			buildSettings = {
				ALWAYS_SEARCH_USER_PATHS = NO;
				ASSETCATALOG_COMPILER_GENERATE_SWIFT_ASSET_SYMBOL_EXTENSIONS = YES;
				CLANG_ANALYZER_NONNULL = YES;
				CLANG_ANALYZER_NUMBER_OBJECT_CONVERSION = YES_AGGRESSIVE;
				CLANG_CXX_LANGUAGE_STANDARD = "gnu++20";
				CLANG_ENABLE_MODULES = YES;
				CLANG_ENABLE_OBJC_ARC = YES;
				CLANG_ENABLE_OBJC_WEAK = YES;
				CLANG_WARN_BLOCK_CAPTURE_AUTORELEASING = YES;
				CLANG_WARN_BOOL_CONVERSION = YES;
				CLANG_WARN_COMMA = YES;
				CLANG_WARN_CONSTANT_CONVERSION = YES;
				CLANG_WARN_DEPRECATED_OBJC_IMPLEMENTATIONS = YES;
				CLANG_WARN_DIRECT_OBJC_ISA_USAGE = YES_ERROR;
				CLANG_WARN_DOCUMENTATION_COMMENTS = YES;
				CLANG_WARN_EMPTY_BODY = YES;
				CLANG_WARN_ENUM_CONVERSION = YES;
				CLANG_WARN_INFINITE_RECURSION = YES;
				CLANG_WARN_INT_CONVERSION = YES;
				CLANG_WARN_NON_LITERAL_NULL_CONVERSION = YES;
				CLANG_WARN_OBJC_IMPLICIT_RETAIN_SELF = YES;
				CLANG_WARN_OBJC_LITERAL_CONVERSION = YES;
				CLANG_WARN_OBJC_ROOT_CLASS = YES_ERROR;
				CLANG_WARN_QUOTED_INCLUDE_IN_FRAMEWORK_HEADER = YES;
				CLANG_WARN_RANGE_LOOP_ANALYSIS = YES;
				CLANG_WARN_STRICT_PROTOTYPES = YES;
				CLANG_WARN_SUSPICIOUS_MOVE = YES;
				CLANG_WARN_UNGUARDED_AVAILABILITY = YES_AGGRESSIVE;
				CLANG_WARN_UNREACHABLE_CODE = YES;
				CLANG_WARN__DUPLICATE_METHOD_MATCH = YES;
				COPY_PHASE_STRIP = NO;
				DEBUG_INFORMATION_FORMAT = "dwarf-with-dsym";
				ENABLE_NS_ASSERTIONS = NO;
				ENABLE_STRICT_OBJC_MSGSEND = YES;
				ENABLE_USER_SCRIPT_SANDBOXING = YES;
				GCC_C_LANGUAGE_STANDARD = gnu17;
				GCC_NO_COMMON_BLOCKS = YES;
				GCC_WARN_64_TO_32_BIT_CONVERSION = YES;
				GCC_WARN_ABOUT_RETURN_TYPE = YES_ERROR;
				GCC_WARN_UNDECLARED_SELECTOR = YES;
				GCC_WARN_UNINITIALIZED_AUTOS = YES_AGGRESSIVE;
				GCC_WARN_UNUSED_FUNCTION = YES;
				GCC_WARN_UNUSED_VARIABLE = YES;
				IPHONEOS_DEPLOYMENT_TARGET = 17.0;
				LOCALIZATION_PREFERS_STRING_CATALOGS = YES;
				MTL_ENABLE_DEBUG_INFO = NO;
				MTL_FAST_MATH = YES;
				SDKROOT = iphoneos;
				SWIFT_COMPILATION_MODE = wholemodule;
				VALIDATE_PRODUCT = YES;
			};
			name = Release;
		};
		EB4E622B2D75A7610090CC2E /* Debug */ = {
			isa = XCBuildConfiguration;
			buildSettings = {
				ASSETCATALOG_COMPILER_APPICON_NAME = AppIcon;
				ASSETCATALOG_COMPILER_GLOBAL_ACCENT_COLOR_NAME = AccentColor;
				CODE_SIGN_STYLE = Automatic;
				CURRENT_PROJECT_VERSION = 1;
				GENERATE_INFOPLIST_FILE = YES;
				INFOPLIST_FILE = Tracker/Info.plist;
				INFOPLIST_KEY_UIApplicationSupportsIndirectInputEvents = YES;
				INFOPLIST_KEY_UILaunchStoryboardName = LaunchScreen;
				INFOPLIST_KEY_UIMainStoryboardFile = Main;
				INFOPLIST_KEY_UISupportedInterfaceOrientations_iPad = "UIInterfaceOrientationPortrait UIInterfaceOrientationPortraitUpsideDown UIInterfaceOrientationLandscapeLeft UIInterfaceOrientationLandscapeRight";
				INFOPLIST_KEY_UISupportedInterfaceOrientations_iPhone = "UIInterfaceOrientationPortrait UIInterfaceOrientationLandscapeLeft UIInterfaceOrientationLandscapeRight";
				LD_RUNPATH_SEARCH_PATHS = (
					"$(inherited)",
					"@executable_path/Frameworks",
				);
				MARKETING_VERSION = 1.0;
				PRODUCT_BUNDLE_IDENTIFIER = "https---github.com-roudYStorm.Tracker";
				PRODUCT_NAME = "$(TARGET_NAME)";
				SWIFT_EMIT_LOC_STRINGS = YES;
				SWIFT_VERSION = 5.0;
				TARGETED_DEVICE_FAMILY = "1,2";
			};
			name = Debug;
		};
		EB4E622C2D75A7610090CC2E /* Release */ = {
			isa = XCBuildConfiguration;
			buildSettings = {
				ASSETCATALOG_COMPILER_APPICON_NAME = AppIcon;
				ASSETCATALOG_COMPILER_GLOBAL_ACCENT_COLOR_NAME = AccentColor;
				CODE_SIGN_STYLE = Automatic;
				CURRENT_PROJECT_VERSION = 1;
				GENERATE_INFOPLIST_FILE = YES;
				INFOPLIST_FILE = Tracker/Info.plist;
				INFOPLIST_KEY_UIApplicationSupportsIndirectInputEvents = YES;
				INFOPLIST_KEY_UILaunchStoryboardName = LaunchScreen;
				INFOPLIST_KEY_UIMainStoryboardFile = Main;
				INFOPLIST_KEY_UISupportedInterfaceOrientations_iPad = "UIInterfaceOrientationPortrait UIInterfaceOrientationPortraitUpsideDown UIInterfaceOrientationLandscapeLeft UIInterfaceOrientationLandscapeRight";
				INFOPLIST_KEY_UISupportedInterfaceOrientations_iPhone = "UIInterfaceOrientationPortrait UIInterfaceOrientationLandscapeLeft UIInterfaceOrientationLandscapeRight";
				LD_RUNPATH_SEARCH_PATHS = (
					"$(inherited)",
					"@executable_path/Frameworks",
				);
				MARKETING_VERSION = 1.0;
				PRODUCT_BUNDLE_IDENTIFIER = "https---github.com-roudYStorm.Tracker";
				PRODUCT_NAME = "$(TARGET_NAME)";
				SWIFT_EMIT_LOC_STRINGS = YES;
				SWIFT_VERSION = 5.0;
				TARGETED_DEVICE_FAMILY = "1,2";
			};
			name = Release;
		};
		EB4E622E2D75A7610090CC2E /* Debug */ = {
			isa = XCBuildConfiguration;
			buildSettings = {
				ALWAYS_EMBED_SWIFT_STANDARD_LIBRARIES = YES;
				BUNDLE_LOADER = "$(TEST_HOST)";
				CODE_SIGN_STYLE = Automatic;
				CURRENT_PROJECT_VERSION = 1;
				GENERATE_INFOPLIST_FILE = YES;
				IPHONEOS_DEPLOYMENT_TARGET = 17.0;
				MARKETING_VERSION = 1.0;
				PRODUCT_BUNDLE_IDENTIFIER = "https---github.com-roudYStorm.TrackerTests";
				PRODUCT_NAME = "$(TARGET_NAME)";
				SWIFT_EMIT_LOC_STRINGS = NO;
				SWIFT_VERSION = 5.0;
				TARGETED_DEVICE_FAMILY = "1,2";
				TEST_HOST = "$(BUILT_PRODUCTS_DIR)/Tracker.app/$(BUNDLE_EXECUTABLE_FOLDER_PATH)/Tracker";
			};
			name = Debug;
		};
		EB4E622F2D75A7610090CC2E /* Release */ = {
			isa = XCBuildConfiguration;
			buildSettings = {
				ALWAYS_EMBED_SWIFT_STANDARD_LIBRARIES = YES;
				BUNDLE_LOADER = "$(TEST_HOST)";
				CODE_SIGN_STYLE = Automatic;
				CURRENT_PROJECT_VERSION = 1;
				GENERATE_INFOPLIST_FILE = YES;
				IPHONEOS_DEPLOYMENT_TARGET = 17.0;
				MARKETING_VERSION = 1.0;
				PRODUCT_BUNDLE_IDENTIFIER = "https---github.com-roudYStorm.TrackerTests";
				PRODUCT_NAME = "$(TARGET_NAME)";
				SWIFT_EMIT_LOC_STRINGS = NO;
				SWIFT_VERSION = 5.0;
				TARGETED_DEVICE_FAMILY = "1,2";
				TEST_HOST = "$(BUILT_PRODUCTS_DIR)/Tracker.app/$(BUNDLE_EXECUTABLE_FOLDER_PATH)/Tracker";
			};
			name = Release;
		};
		EB4E62312D75A7610090CC2E /* Debug */ = {
			isa = XCBuildConfiguration;
			buildSettings = {
				ALWAYS_EMBED_SWIFT_STANDARD_LIBRARIES = YES;
				CODE_SIGN_STYLE = Automatic;
				CURRENT_PROJECT_VERSION = 1;
				GENERATE_INFOPLIST_FILE = YES;
				MARKETING_VERSION = 1.0;
				PRODUCT_BUNDLE_IDENTIFIER = "https---github.com-roudYStorm.TrackerUITests";
				PRODUCT_NAME = "$(TARGET_NAME)";
				SWIFT_EMIT_LOC_STRINGS = NO;
				SWIFT_VERSION = 5.0;
				TARGETED_DEVICE_FAMILY = "1,2";
				TEST_TARGET_NAME = Tracker;
			};
			name = Debug;
		};
		EB4E62322D75A7610090CC2E /* Release */ = {
			isa = XCBuildConfiguration;
			buildSettings = {
				ALWAYS_EMBED_SWIFT_STANDARD_LIBRARIES = YES;
				CODE_SIGN_STYLE = Automatic;
				CURRENT_PROJECT_VERSION = 1;
				GENERATE_INFOPLIST_FILE = YES;
				MARKETING_VERSION = 1.0;
				PRODUCT_BUNDLE_IDENTIFIER = "https---github.com-roudYStorm.TrackerUITests";
				PRODUCT_NAME = "$(TARGET_NAME)";
				SWIFT_EMIT_LOC_STRINGS = NO;
				SWIFT_VERSION = 5.0;
				TARGETED_DEVICE_FAMILY = "1,2";
				TEST_TARGET_NAME = Tracker;
			};
			name = Release;
		};
/* End XCBuildConfiguration section */

/* Begin XCConfigurationList section */
		EB4E61FB2D75A75E0090CC2E /* Build configuration list for PBXProject "Tracker" */ = {
			isa = XCConfigurationList;
			buildConfigurations = (
				EB4E62282D75A7610090CC2E /* Debug */,
				EB4E62292D75A7610090CC2E /* Release */,
			);
			defaultConfigurationIsVisible = 0;
			defaultConfigurationName = Release;
		};
		EB4E622A2D75A7610090CC2E /* Build configuration list for PBXNativeTarget "Tracker" */ = {
			isa = XCConfigurationList;
			buildConfigurations = (
				EB4E622B2D75A7610090CC2E /* Debug */,
				EB4E622C2D75A7610090CC2E /* Release */,
			);
			defaultConfigurationIsVisible = 0;
			defaultConfigurationName = Release;
		};
		EB4E622D2D75A7610090CC2E /* Build configuration list for PBXNativeTarget "TrackerTests" */ = {
			isa = XCConfigurationList;
			buildConfigurations = (
				EB4E622E2D75A7610090CC2E /* Debug */,
				EB4E622F2D75A7610090CC2E /* Release */,
			);
			defaultConfigurationIsVisible = 0;
			defaultConfigurationName = Release;
		};
		EB4E62302D75A7610090CC2E /* Build configuration list for PBXNativeTarget "TrackerUITests" */ = {
			isa = XCConfigurationList;
			buildConfigurations = (
				EB4E62312D75A7610090CC2E /* Debug */,
				EB4E62322D75A7610090CC2E /* Release */,
			);
			defaultConfigurationIsVisible = 0;
			defaultConfigurationName = Release;
		};
/* End XCConfigurationList section */
	};
	rootObject = EB4E61F82D75A75E0090CC2E /* Project object */;
}
